
Microsoft Visual Studio Solution File, Format Version 11.00
# Visual Studio 2010
Project("{FAE04EC0-301F-11D3-BF4B-00C04F79EFBC}") = "ImageGrey", "Assembly-CSharp.csproj", "{D7A62B68-B9D7-6B2E-47F0-73D5F7E72E9E}"
EndProject
Global
	GlobalSection(SolutionConfigurationPlatforms) = preSolution
		Debug|Any CPU = Debug|Any CPU
		Release|Any CPU = Release|Any CPU
	EndGlobalSection
	GlobalSection(ProjectConfigurationPlatforms) = postSolution
		{D7A62B68-B9D7-6B2E-47F0-73D5F7E72E9E}.Debug|Any CPU.ActiveCfg = Debug|Any CPU
		{D7A62B68-B9D7-6B2E-47F0-73D5F7E72E9E}.Debug|Any CPU.Build.0 = Debug|Any CPU
		{D7A62B68-B9D7-6B2E-47F0-73D5F7E72E9E}.Release|Any CPU.ActiveCfg = Release|Any CPU
		{D7A62B68-B9D7-6B2E-47F0-73D5F7E72E9E}.Release|Any CPU.Build.0 = Release|Any CPU
	EndGlobalSection
	GlobalSection(SolutionProperties) = preSolution
		HideSolutionNode = FALSE
	EndGlobalSection
	GlobalSection(MonoDevelopProperties) = preSolution
		StartupItem = Assembly-CSharp.csproj
	EndGlobalSection
EndGlobal
